
Microsoft Visual Studio Solution File, Format Version 12.00
# Visual Studio Version 17
VisualStudioVersion = 17.12.35707.178
MinimumVisualStudioVersion = 10.0.40219.1
Project("{FAE04EC0-301F-11D3-BF4B-00C04F79EFBC}") = "PhotoTemplateCV", "PhotoTemplateCV\PhotoTemplateCV.csproj", "{00026052-8A54-4534-9591-BEDC60C6CF50}"
EndProject
Project("{FAE04EC0-301F-11D3-BF4B-00C04F79EFBC}") = "PTComputerVisionModule", "PTComputerVisionModule\PTComputerVisionModule.csproj", "{F63F0E16-60EC-44BB-A925-611B1B1C3BDB}"
EndProject
Project("{54435603-DBB4-11D2-8724-00A0C9A8B90C}") = "PhotoTemplateCVInstaller", "PhotoTemplateCVInstaller\PhotoTemplateCVInstaller.vdproj", "{6ED31945-4CE1-49F2-B7FF-BAE415642D67}"
EndProject
Global
	GlobalSection(SolutionConfigurationPlatforms) = preSolution
		Debug|Any CPU = Debug|Any CPU
		Debug|x86 = Debug|x86
		Release|Any CPU = Release|Any CPU
		Release|x86 = Release|x86
	EndGlobalSection
	GlobalSection(ProjectConfigurationPlatforms) = postSolution
		{00026052-8A54-4534-9591-BEDC60C6CF50}.Debug|Any CPU.ActiveCfg = Debug|Any CPU
		{00026052-8A54-4534-9591-BEDC60C6CF50}.Debug|Any CPU.Build.0 = Debug|Any CPU
		{00026052-8A54-4534-9591-BEDC60C6CF50}.Debug|x86.ActiveCfg = Release|x86
		{00026052-8A54-4534-9591-BEDC60C6CF50}.Debug|x86.Build.0 = Release|x86
		{00026052-8A54-4534-9591-BEDC60C6CF50}.Release|Any CPU.ActiveCfg = Release|Any CPU
		{00026052-8A54-4534-9591-BEDC60C6CF50}.Release|Any CPU.Build.0 = Release|Any CPU
		{00026052-8A54-4534-9591-BEDC60C6CF50}.Release|x86.ActiveCfg = Release|x86
		{00026052-8A54-4534-9591-BEDC60C6CF50}.Release|x86.Build.0 = Release|x86
		{F63F0E16-60EC-44BB-A925-611B1B1C3BDB}.Debug|Any CPU.ActiveCfg = Debug|x86
		{F63F0E16-60EC-44BB-A925-611B1B1C3BDB}.Debug|Any CPU.Build.0 = Debug|x86
		{F63F0E16-60EC-44BB-A925-611B1B1C3BDB}.Debug|x86.ActiveCfg = Release|x86
		{F63F0E16-60EC-44BB-A925-611B1B1C3BDB}.Debug|x86.Build.0 = Release|x86
		{F63F0E16-60EC-44BB-A925-611B1B1C3BDB}.Release|Any CPU.ActiveCfg = Release|Any CPU
		{F63F0E16-60EC-44BB-A925-611B1B1C3BDB}.Release|Any CPU.Build.0 = Release|Any CPU
		{F63F0E16-60EC-44BB-A925-611B1B1C3BDB}.Release|x86.ActiveCfg = Release|x86
		{F63F0E16-60EC-44BB-A925-611B1B1C3BDB}.Release|x86.Build.0 = Release|x86
		{6ED31945-4CE1-49F2-B7FF-BAE415642D67}.Debug|Any CPU.ActiveCfg = Debug
		{6ED31945-4CE1-49F2-B7FF-BAE415642D67}.Debug|x86.ActiveCfg = Release
		{6ED31945-4CE1-49F2-B7FF-BAE415642D67}.Debug|x86.Build.0 = Release
		{6ED31945-4CE1-49F2-B7FF-BAE415642D67}.Release|Any CPU.ActiveCfg = Release
		{6ED31945-4CE1-49F2-B7FF-BAE415642D67}.Release|x86.ActiveCfg = Release
		{6ED31945-4CE1-49F2-B7FF-BAE415642D67}.Release|x86.Build.0 = Release
	EndGlobalSection
	GlobalSection(SolutionProperties) = preSolution
		HideSolutionNode = FALSE
	EndGlobalSection
EndGlobal
